
Microsoft Visual Studio Solution File, Format Version 12.00
# Visual Studio Version 16
VisualStudioVersion = 16.0.31005.135
MinimumVisualStudioVersion = 10.0.40219.1
Project("{FAE04EC0-301F-11D3-BF4B-00C04F79EFBC}") = "VacationDaysCalculation", "VacationDaysCalculation\VacationDaysCalculation.csproj", "{BE21CD47-6B12-4B41-95B3-D39A7E2B43D3}"
EndProject
Project("{2150E333-8FDC-42A3-9474-1A3956D46DE8}") = "Solution Items", "Solution Items", "{59DB1948-DD4A-459F-8A3E-85FB547BEE4D}"
	ProjectSection(SolutionItems) = preProject
		01.JPG = 01.JPG
		02.JPG = 02.JPG
		ReadMe.txt = ReadMe.txt
		Result.JPG = Result.JPG
	EndProjectSection
EndProject
Global
	GlobalSection(SolutionConfigurationPlatforms) = preSolution
		Debug|Any CPU = Debug|Any CPU
		Release|Any CPU = Release|Any CPU
	EndGlobalSection
	GlobalSection(ProjectConfigurationPlatforms) = postSolution
		{BE21CD47-6B12-4B41-95B3-D39A7E2B43D3}.Debug|Any CPU.ActiveCfg = Debug|Any CPU
		{BE21CD47-6B12-4B41-95B3-D39A7E2B43D3}.Debug|Any CPU.Build.0 = Debug|Any CPU
		{BE21CD47-6B12-4B41-95B3-D39A7E2B43D3}.Release|Any CPU.ActiveCfg = Release|Any CPU
		{BE21CD47-6B12-4B41-95B3-D39A7E2B43D3}.Release|Any CPU.Build.0 = Release|Any CPU
	EndGlobalSection
	GlobalSection(SolutionProperties) = preSolution
		HideSolutionNode = FALSE
	EndGlobalSection
	GlobalSection(ExtensibilityGlobals) = postSolution
		SolutionGuid = {C8B874D9-5687-43C1-91D4-16ECFD5ED47C}
	EndGlobalSection
EndGlobal
